
Microsoft Visual Studio Solution File, Format Version 12.00
# Visual Studio Version 16
VisualStudioVersion = 16.0.30330.147
MinimumVisualStudioVersion = 10.0.40219.1
Project("{FAE04EC0-301F-11D3-BF4B-00C04F79EFBC}") = "OnlineBankingWebAPIProject", "OnlineBankingWebAPIProject\OnlineBankingWebAPIProject.csproj", "{A72C82F3-CBDF-4D13-B728-78947ED9C5FF}"
EndProject
Global
	GlobalSection(SolutionConfigurationPlatforms) = preSolution
		Debug|Any CPU = Debug|Any CPU
		Release|Any CPU = Release|Any CPU
	EndGlobalSection
	GlobalSection(ProjectConfigurationPlatforms) = postSolution
		{A72C82F3-CBDF-4D13-B728-78947ED9C5FF}.Debug|Any CPU.ActiveCfg = Debug|Any CPU
		{A72C82F3-CBDF-4D13-B728-78947ED9C5FF}.Debug|Any CPU.Build.0 = Debug|Any CPU
		{A72C82F3-CBDF-4D13-B728-78947ED9C5FF}.Release|Any CPU.ActiveCfg = Release|Any CPU
		{A72C82F3-CBDF-4D13-B728-78947ED9C5FF}.Release|Any CPU.Build.0 = Release|Any CPU
	EndGlobalSection
	GlobalSection(SolutionProperties) = preSolution
		HideSolutionNode = FALSE
	EndGlobalSection
	GlobalSection(ExtensibilityGlobals) = postSolution
		SolutionGuid = {C52B19E7-58FF-4DF4-90DE-55FB40C1BF2C}
	EndGlobalSection
EndGlobal
